
Microsoft Visual Studio Solution File, Format Version 12.00
# Visual Studio Version 17
VisualStudioVersion = 17.0.31903.59
MinimumVisualStudioVersion = 10.0.40219.1
Project("{FAE04EC0-301F-11D3-BF4B-00C04F79EFBC}") = "CodeGolfValidHtml5Library", "CodeGolfValidHtml5Library\CodeGolfValidHtml5Library.csproj", "{F6E24A4E-27C3-4857-BBCB-F2408AE432C5}"
EndProject
Project("{FAE04EC0-301F-11D3-BF4B-00C04F79EFBC}") = "CodeGolfValidHtml5WebApi", "CodeGolfValidHtml5WebApi\CodeGolfValidHtml5WebApi.csproj", "{193A1937-E8B7-4476-AA08-65B9536D84AB}"
EndProject
Project("{FAE04EC0-301F-11D3-BF4B-00C04F79EFBC}") = "CodeGolfValidHtml5Tests", "CodeGolfValidHtml5Tests\CodeGolfValidHtml5Tests.csproj", "{7BA05413-7B78-4215-B754-AAF19537FAB9}"
EndProject
Global
	GlobalSection(SolutionConfigurationPlatforms) = preSolution
		Debug|Any CPU = Debug|Any CPU
		Release|Any CPU = Release|Any CPU
	EndGlobalSection
	GlobalSection(SolutionProperties) = preSolution
		HideSolutionNode = FALSE
	EndGlobalSection
	GlobalSection(ProjectConfigurationPlatforms) = postSolution
		{F6E24A4E-27C3-4857-BBCB-F2408AE432C5}.Debug|Any CPU.ActiveCfg = Debug|Any CPU
		{F6E24A4E-27C3-4857-BBCB-F2408AE432C5}.Debug|Any CPU.Build.0 = Debug|Any CPU
		{F6E24A4E-27C3-4857-BBCB-F2408AE432C5}.Release|Any CPU.ActiveCfg = Release|Any CPU
		{F6E24A4E-27C3-4857-BBCB-F2408AE432C5}.Release|Any CPU.Build.0 = Release|Any CPU
		{193A1937-E8B7-4476-AA08-65B9536D84AB}.Debug|Any CPU.ActiveCfg = Debug|Any CPU
		{193A1937-E8B7-4476-AA08-65B9536D84AB}.Debug|Any CPU.Build.0 = Debug|Any CPU
		{193A1937-E8B7-4476-AA08-65B9536D84AB}.Release|Any CPU.ActiveCfg = Release|Any CPU
		{193A1937-E8B7-4476-AA08-65B9536D84AB}.Release|Any CPU.Build.0 = Release|Any CPU
		{7BA05413-7B78-4215-B754-AAF19537FAB9}.Debug|Any CPU.ActiveCfg = Debug|Any CPU
		{7BA05413-7B78-4215-B754-AAF19537FAB9}.Debug|Any CPU.Build.0 = Debug|Any CPU
		{7BA05413-7B78-4215-B754-AAF19537FAB9}.Release|Any CPU.ActiveCfg = Release|Any CPU
		{7BA05413-7B78-4215-B754-AAF19537FAB9}.Release|Any CPU.Build.0 = Release|Any CPU
	EndGlobalSection
EndGlobal
